
Microsoft Visual Studio Solution File, Format Version 12.00
# Visual Studio Version 18
VisualStudioVersion = 18.3.11222.16 d18.3
MinimumVisualStudioVersion = 10.0.40219.1
Project("{FAE04EC0-301F-11D3-BF4B-00C04F79EFBC}") = "OnlineShopWebApp", "OnlineShopWebApp\OnlineShopWebApp.csproj", "{C65CBEE5-409C-45E6-8289-C2206D9AF628}"
EndProject
Project("{FAE04EC0-301F-11D3-BF4B-00C04F79EFBC}") = "OnlineShop.Db", "OnlineShop.Db\OnlineShop.Db.csproj", "{ED0849A5-093F-482E-B15C-81F80BAE12CE}"
EndProject
Project("{FAE04EC0-301F-11D3-BF4B-00C04F79EFBC}") = "OnlineShopWebApi", "OnlineShopWebApi\OnlineShopWebApi.csproj", "{B1937A76-A7AE-4872-B59A-4C557A12ABBC}"
EndProject
Global
	GlobalSection(SolutionConfigurationPlatforms) = preSolution
		Debug|Any CPU = Debug|Any CPU
		Release|Any CPU = Release|Any CPU
	EndGlobalSection
	GlobalSection(ProjectConfigurationPlatforms) = postSolution
		{C65CBEE5-409C-45E6-8289-C2206D9AF628}.Debug|Any CPU.ActiveCfg = Debug|Any CPU
		{C65CBEE5-409C-45E6-8289-C2206D9AF628}.Debug|Any CPU.Build.0 = Debug|Any CPU
		{C65CBEE5-409C-45E6-8289-C2206D9AF628}.Release|Any CPU.ActiveCfg = Release|Any CPU
		{C65CBEE5-409C-45E6-8289-C2206D9AF628}.Release|Any CPU.Build.0 = Release|Any CPU
		{ED0849A5-093F-482E-B15C-81F80BAE12CE}.Debug|Any CPU.ActiveCfg = Debug|Any CPU
		{ED0849A5-093F-482E-B15C-81F80BAE12CE}.Debug|Any CPU.Build.0 = Debug|Any CPU
		{ED0849A5-093F-482E-B15C-81F80BAE12CE}.Release|Any CPU.ActiveCfg = Release|Any CPU
		{ED0849A5-093F-482E-B15C-81F80BAE12CE}.Release|Any CPU.Build.0 = Release|Any CPU
		{B1937A76-A7AE-4872-B59A-4C557A12ABBC}.Debug|Any CPU.ActiveCfg = Debug|Any CPU
		{B1937A76-A7AE-4872-B59A-4C557A12ABBC}.Debug|Any CPU.Build.0 = Debug|Any CPU
		{B1937A76-A7AE-4872-B59A-4C557A12ABBC}.Release|Any CPU.ActiveCfg = Release|Any CPU
		{B1937A76-A7AE-4872-B59A-4C557A12ABBC}.Release|Any CPU.Build.0 = Release|Any CPU
	EndGlobalSection
	GlobalSection(SolutionProperties) = preSolution
		HideSolutionNode = FALSE
	EndGlobalSection
	GlobalSection(ExtensibilityGlobals) = postSolution
		SolutionGuid = {6E353475-21B6-4642-B2DF-90A9D26A7530}
	EndGlobalSection
EndGlobal
